
Microsoft Visual Studio Solution File, Format Version 12.00
# Visual Studio 14
VisualStudioVersion = 14.0.24720.0
MinimumVisualStudioVersion = 10.0.40219.1
Project("{FAE04EC0-301F-11D3-BF4B-00C04F79EFBC}") = "Apresentacao", "Apresentacao\Apresentacao.csproj", "{6887EAB0-9E4F-4F2E-B98C-D493D5269891}"
EndProject
Project("{FAE04EC0-301F-11D3-BF4B-00C04F79EFBC}") = "AcessoBancoDados", "AcessoBancoDados\AcessoBancoDados.csproj", "{0BDD3500-8480-43D5-B9F2-75D7FE6F7684}"
EndProject
Project("{FAE04EC0-301F-11D3-BF4B-00C04F79EFBC}") = "Negocios", "Negocios\Negocios.csproj", "{9695C613-0007-40E9-8E3C-75B5A4F3066E}"
EndProject
Project("{FAE04EC0-301F-11D3-BF4B-00C04F79EFBC}") = "ObjetoTransferencia", "ObjetoTransferencia\ObjetoTransferencia.csproj", "{C24B85FE-1E45-4FD5-BDB5-BA66C63E62BC}"
EndProject
Global
	GlobalSection(SolutionConfigurationPlatforms) = preSolution
		Debug|Any CPU = Debug|Any CPU
		Release|Any CPU = Release|Any CPU
	EndGlobalSection
	GlobalSection(ProjectConfigurationPlatforms) = postSolution
		{6887EAB0-9E4F-4F2E-B98C-D493D5269891}.Debug|Any CPU.ActiveCfg = Debug|Any CPU
		{6887EAB0-9E4F-4F2E-B98C-D493D5269891}.Debug|Any CPU.Build.0 = Debug|Any CPU
		{6887EAB0-9E4F-4F2E-B98C-D493D5269891}.Release|Any CPU.ActiveCfg = Release|Any CPU
		{6887EAB0-9E4F-4F2E-B98C-D493D5269891}.Release|Any CPU.Build.0 = Release|Any CPU
		{0BDD3500-8480-43D5-B9F2-75D7FE6F7684}.Debug|Any CPU.ActiveCfg = Debug|Any CPU
		{0BDD3500-8480-43D5-B9F2-75D7FE6F7684}.Debug|Any CPU.Build.0 = Debug|Any CPU
		{0BDD3500-8480-43D5-B9F2-75D7FE6F7684}.Release|Any CPU.ActiveCfg = Release|Any CPU
		{0BDD3500-8480-43D5-B9F2-75D7FE6F7684}.Release|Any CPU.Build.0 = Release|Any CPU
		{9695C613-0007-40E9-8E3C-75B5A4F3066E}.Debug|Any CPU.ActiveCfg = Debug|Any CPU
		{9695C613-0007-40E9-8E3C-75B5A4F3066E}.Debug|Any CPU.Build.0 = Debug|Any CPU
		{9695C613-0007-40E9-8E3C-75B5A4F3066E}.Release|Any CPU.ActiveCfg = Release|Any CPU
		{9695C613-0007-40E9-8E3C-75B5A4F3066E}.Release|Any CPU.Build.0 = Release|Any CPU
		{C24B85FE-1E45-4FD5-BDB5-BA66C63E62BC}.Debug|Any CPU.ActiveCfg = Debug|Any CPU
		{C24B85FE-1E45-4FD5-BDB5-BA66C63E62BC}.Debug|Any CPU.Build.0 = Debug|Any CPU
		{C24B85FE-1E45-4FD5-BDB5-BA66C63E62BC}.Release|Any CPU.ActiveCfg = Release|Any CPU
		{C24B85FE-1E45-4FD5-BDB5-BA66C63E62BC}.Release|Any CPU.Build.0 = Release|Any CPU
	EndGlobalSection
	GlobalSection(SolutionProperties) = preSolution
		HideSolutionNode = FALSE
	EndGlobalSection
EndGlobal
